version = 1
revision = 3
requires-python = ">=3.10, <4.0"

[[package]]
name = "grpc-interceptor"
version = "0.15.4"
source = { registry = "https://pypi.org/simple" }
dependencies = [
    { name = "grpcio" },
]
sdist = { url = "https://files.pythonhosted.org/packages/9f/28/57449d5567adf4c1d3e216aaca545913fbc21a915f2da6790d6734aac76e/grpc-interceptor-0.15.4.tar.gz", hash = "sha256:1f45c0bcb58b6f332f37c637632247c9b02bc6af0fdceb7ba7ce8d2ebbfb0926", size = 19322, upload-time = "2023-11-16T02:05:42.459Z" }
wheels = [
    { url = "https://files.pythonhosted.org/packages/15/ac/8d53f230a7443401ce81791ec50a3b0e54924bf615ad287654fa4a2f5cdc/grpc_interceptor-0.15.4-py3-none-any.whl", hash = "sha256:0035f33228693ed3767ee49d937bac424318db173fef4d2d0170b3215f254d9d", size = 20848, upload-time = "2023-11-16T02:05:40.913Z" },
]

[[package]]
name = "grpcio"
version = "1.76.0"
source = { registry = "https://pypi.org/simple" }
dependencies = [
    { name = "typing-extensions" },
]
sdist = { url = "https://files.pythonhosted.org/packages/b6/e0/318c1ce3ae5a17894d5791e87aea147587c9e702f24122cc7a5c8bbaeeb1/grpcio-1.76.0.tar.gz", hash = "sha256:7be78388d6da1a25c0d5ec506523db58b18be22d9c37d8d3a32c08be4987bd73", size = 12785182, upload-time = "2025-10-21T16:23:12.106Z" }
wheels = [
    { url = "https://files.pythonhosted.org/packages/88/17/ff4795dc9a34b6aee6ec379f1b66438a3789cd1315aac0cbab60d92f74b3/grpcio-1.76.0-cp310-cp310-linux_armv7l.whl", hash = "sha256:65a20de41e85648e00305c1bb09a3598f840422e522277641145a32d42dcefcc", size = 5840037, upload-time = "2025-10-21T16:20:25.069Z" },
    { url = "https://files.pythonhosted.org/packages/4e/ff/35f9b96e3fa2f12e1dcd58a4513a2e2294a001d64dec81677361b7040c9a/grpcio-1.76.0-cp310-cp310-macosx_11_0_universal2.whl", hash = "sha256:40ad3afe81676fd9ec6d9d406eda00933f218038433980aa19d401490e46ecde", size = 11836482, upload-time = "2025-10-21T16:20:30.113Z" },
    { url = "https://files.pythonhosted.org/packages/3e/1c/8374990f9545e99462caacea5413ed783014b3b66ace49e35c533f07507b/grpcio-1.76.0-cp310-cp310-manylinux2014_aarch64.manylinux_2_17_aarch64.whl", hash = "sha256:035d90bc79eaa4bed83f524331d55e35820725c9fbb00ffa1904d5550ed7ede3", size = 6407178, upload-time = "2025-10-21T16:20:32.733Z" },
    { url = "https://files.pythonhosted.org/packages/1e/77/36fd7d7c75a6c12542c90a6d647a27935a1ecaad03e0ffdb7c42db6b04d2/grpcio-1.76.0-cp310-cp310-manylinux2014_i686.manylinux_2_17_i686.whl", hash = "sha256:4215d3a102bd95e2e11b5395c78562967959824156af11fa93d18fdd18050990", size = 7075684, upload-time = "2025-10-21T16:20:35.435Z" },
    { url = "https://files.pythonhosted.org/packages/38/f7/e3cdb252492278e004722306c5a8935eae91e64ea11f0af3437a7de2e2b7/grpcio-1.76.0-cp310-cp310-manylinux2014_x86_64.manylinux_2_17_x86_64.whl", hash = "sha256:49ce47231818806067aea3324d4bf13825b658ad662d3b25fada0bdad9b8a6af", size = 6611133, upload-time = "2025-10-21T16:20:37.541Z" },
    { url = "https://files.pythonhosted.org/packages/7e/20/340db7af162ccd20a0893b5f3c4a5d676af7b71105517e62279b5b61d95a/grpcio-1.76.0-cp310-cp310-musllinux_1_2_aarch64.whl", hash = "sha256:8cc3309d8e08fd79089e13ed4819d0af72aa935dd8f435a195fd152796752ff2", size = 7195507, upload-time = "2025-10-21T16:20:39.643Z" },
    { url = "https://files.pythonhosted.org/packages/10/f0/b2160addc1487bd8fa4810857a27132fb4ce35c1b330c2f3ac45d697b106/grpcio-1.76.0-cp310-cp310-musllinux_1_2_i686.whl", hash = "sha256:971fd5a1d6e62e00d945423a567e42eb1fa678ba89072832185ca836a94daaa6", size = 8160651, upload-time = "2025-10-21T16:20:42.492Z" },
    { url = "https://files.pythonhosted.org/packages/2c/2c/ac6f98aa113c6ef111b3f347854e99ebb7fb9d8f7bb3af1491d438f62af4/grpcio-1.76.0-cp310-cp310-musllinux_1_2_x86_64.whl", hash = "sha256:9d9adda641db7207e800a7f089068f6f645959f2df27e870ee81d44701dd9db3", size = 7620568, upload-time = "2025-10-21T16:20:45.995Z" },
    { url = "https://files.pythonhosted.org/packages/90/84/7852f7e087285e3ac17a2703bc4129fafee52d77c6c82af97d905566857e/grpcio-1.76.0-cp310-cp310-win32.whl", hash = "sha256:063065249d9e7e0782d03d2bca50787f53bd0fb89a67de9a7b521c4a01f1989b", size = 3998879, upload-time = "2025-10-21T16:20:48.592Z" },
    { url = "https://files.pythonhosted.org/packages/10/30/d3d2adcbb6dd3ff59d6ac3df6ef830e02b437fb5c90990429fd180e52f30/grpcio-1.76.0-cp310-cp310-win_amd64.whl", hash = "sha256:a6ae758eb08088d36812dd5d9af7a9859c05b1e0f714470ea243694b49278e7b", size = 4706892, upload-time = "2025-10-21T16:20:50.697Z" },
    { url = "https://files.pythonhosted.org/packages/a0/00/8163a1beeb6971f66b4bbe6ac9457b97948beba8dd2fc8e1281dce7f79ec/grpcio-1.76.0-cp311-cp311-linux_armv7l.whl", hash = "sha256:2e1743fbd7f5fa713a1b0a8ac8ebabf0ec980b5d8809ec358d488e273b9cf02a", size = 5843567, upload-time = "2025-10-21T16:20:52.829Z" },
    { url = "https://files.pythonhosted.org/packages/10/c1/934202f5cf335e6d852530ce14ddb0fef21be612ba9ecbbcbd4d748ca32d/grpcio-1.76.0-cp311-cp311-macosx_11_0_universal2.whl", hash = "sha256:a8c2cf1209497cf659a667d7dea88985e834c24b7c3b605e6254cbb5076d985c", size = 11848017, upload-time = "2025-10-21T16:20:56.705Z" },
    { url = "https://files.pythonhosted.org/packages/11/0b/8dec16b1863d74af6eb3543928600ec2195af49ca58b16334972f6775663/grpcio-1.76.0-cp311-cp311-manylinux2014_aarch64.manylinux_2_17_aarch64.whl", hash = "sha256:08caea849a9d3c71a542827d6df9d5a69067b0a1efbea8a855633ff5d9571465", size = 6412027, upload-time = "2025-10-21T16:20:59.3Z" },
    { url = "https://files.pythonhosted.org/packages/d7/64/7b9e6e7ab910bea9d46f2c090380bab274a0b91fb0a2fe9b0cd399fffa12/grpcio-1.76.0-cp311-cp311-manylinux2014_i686.manylinux_2_17_i686.whl", hash = "sha256:f0e34c2079d47ae9f6188211db9e777c619a21d4faba6977774e8fa43b085e48", size = 7075913, upload-time = "2025-10-21T16:21:01.645Z" },
    { url = "https://files.pythonhosted.org/packages/68/86/093c46e9546073cefa789bd76d44c5cb2abc824ca62af0c18be590ff13ba/grpcio-1.76.0-cp311-cp311-manylinux2014_x86_64.manylinux_2_17_x86_64.whl", hash = "sha256:8843114c0cfce61b40ad48df65abcfc00d4dba82eae8718fab5352390848c5da", size = 6615417, upload-time = "2025-10-21T16:21:03.844Z" },
    { url = "https://files.pythonhosted.org/packages/f7/b6/5709a3a68500a9c03da6fb71740dcdd5ef245e39266461a03f31a57036d8/grpcio-1.76.0-cp311-cp311-musllinux_1_2_aarch64.whl", hash = "sha256:8eddfb4d203a237da6f3cc8a540dad0517d274b5a1e9e636fd8d2c79b5c1d397", size = 7199683, upload-time = "2025-10-21T16:21:06.195Z" },
    { url = "https://files.pythonhosted.org/packages/91/d3/4b1f2bf16ed52ce0b508161df3a2d186e4935379a159a834cb4a7d687429/grpcio-1.76.0-cp311-cp311-musllinux_1_2_i686.whl", hash = "sha256:32483fe2aab2c3794101c2a159070584e5db11d0aa091b2c0ea9c4fc43d0d749", size = 8163109, upload-time = "2025-10-21T16:21:08.498Z" },
    { url = "https://files.pythonhosted.org/packages/5c/61/d9043f95f5f4cf085ac5dd6137b469d41befb04bd80280952ffa2a4c3f12/grpcio-1.76.0-cp311-cp311-musllinux_1_2_x86_64.whl", hash = "sha256:dcfe41187da8992c5f40aa8c5ec086fa3672834d2be57a32384c08d5a05b4c00", size = 7626676, upload-time = "2025-10-21T16:21:10.693Z" },
    { url = "https://files.pythonhosted.org/packages/36/95/fd9a5152ca02d8881e4dd419cdd790e11805979f499a2e5b96488b85cf27/grpcio-1.76.0-cp311-cp311-win32.whl", hash = "sha256:2107b0c024d1b35f4083f11245c0e23846ae64d02f40b2b226684840260ed054", size = 3997688, upload-time = "2025-10-21T16:21:12.746Z" },
    { url = "https://files.pythonhosted.org/packages/60/9c/5c359c8d4c9176cfa3c61ecd4efe5affe1f38d9bae81e81ac7186b4c9cc8/grpcio-1.76.0-cp311-cp311-win_amd64.whl", hash = "sha256:522175aba7af9113c48ec10cc471b9b9bd4f6ceb36aeb4544a8e2c80ed9d252d", size = 4709315, upload-time = "2025-10-21T16:21:15.26Z" },
    { url = "https://files.pythonhosted.org/packages/bf/05/8e29121994b8d959ffa0afd28996d452f291b48cfc0875619de0bde2c50c/grpcio-1.76.0-cp312-cp312-linux_armv7l.whl", hash = "sha256:81fd9652b37b36f16138611c7e884eb82e0cec137c40d3ef7c3f9b3ed00f6ed8", size = 5799718, upload-time = "2025-10-21T16:21:17.939Z" },
    { url = "https://files.pythonhosted.org/packages/d9/75/11d0e66b3cdf998c996489581bdad8900db79ebd83513e45c19548f1cba4/grpcio-1.76.0-cp312-cp312-macosx_11_0_universal2.whl", hash = "sha256:04bbe1bfe3a68bbfd4e52402ab7d4eb59d72d02647ae2042204326cf4bbad280", size = 11825627, upload-time = "2025-10-21T16:21:20.466Z" },
    { url = "https://files.pythonhosted.org/packages/28/50/2f0aa0498bc188048f5d9504dcc5c2c24f2eb1a9337cd0fa09a61a2e75f0/grpcio-1.76.0-cp312-cp312-manylinux2014_aarch64.manylinux_2_17_aarch64.whl", hash = "sha256:d388087771c837cdb6515539f43b9d4bf0b0f23593a24054ac16f7a960be16f4", size = 6359167, upload-time = "2025-10-21T16:21:23.122Z" },
    { url = "https://files.pythonhosted.org/packages/66/e5/bbf0bb97d29ede1d59d6588af40018cfc345b17ce979b7b45424628dc8bb/grpcio-1.76.0-cp312-cp312-manylinux2014_i686.manylinux_2_17_i686.whl", hash = "sha256:9f8f757bebaaea112c00dba718fc0d3260052ce714e25804a03f93f5d1c6cc11", size = 7044267, upload-time = "2025-10-21T16:21:25.995Z" },
    { url = "https://files.pythonhosted.org/packages/f5/86/f6ec2164f743d9609691115ae8ece098c76b894ebe4f7c94a655c6b03e98/grpcio-1.76.0-cp312-cp312-manylinux2014_x86_64.manylinux_2_17_x86_64.whl", hash = "sha256:980a846182ce88c4f2f7e2c22c56aefd515daeb36149d1c897f83cf57999e0b6", size = 6573963, upload-time = "2025-10-21T16:21:28.631Z" },
    { url = "https://files.pythonhosted.org/packages/60/bc/8d9d0d8505feccfdf38a766d262c71e73639c165b311c9457208b56d92ae/grpcio-1.76.0-cp312-cp312-musllinux_1_2_aarch64.whl", hash = "sha256:f92f88e6c033db65a5ae3d97905c8fea9c725b63e28d5a75cb73b49bda5024d8", size = 7164484, upload-time = "2025-10-21T16:21:30.837Z" },
    { url = "https://files.pythonhosted.org/packages/67/e6/5d6c2fc10b95edf6df9b8f19cf10a34263b7fd48493936fffd5085521292/grpcio-1.76.0-cp312-cp312-musllinux_1_2_i686.whl", hash = "sha256:4baf3cbe2f0be3289eb68ac8ae771156971848bb8aaff60bad42005539431980", size = 8127777, upload-time = "2025-10-21T16:21:33.577Z" },
    { url = "https://files.pythonhosted.org/packages/3f/c8/dce8ff21c86abe025efe304d9e31fdb0deaaa3b502b6a78141080f206da0/grpcio-1.76.0-cp312-cp312-musllinux_1_2_x86_64.whl", hash = "sha256:615ba64c208aaceb5ec83bfdce7728b80bfeb8be97562944836a7a0a9647d882", size = 7594014, upload-time = "2025-10-21T16:21:41.882Z" },
    { url = "https://files.pythonhosted.org/packages/e0/42/ad28191ebf983a5d0ecef90bab66baa5a6b18f2bfdef9d0a63b1973d9f75/grpcio-1.76.0-cp312-cp312-win32.whl", hash = "sha256:45d59a649a82df5718fd9527ce775fd66d1af35e6d31abdcdc906a49c6822958", size = 3984750, upload-time = "2025-10-21T16:21:44.006Z" },
    { url = "https://files.pythonhosted.org/packages/9e/00/7bd478cbb851c04a48baccaa49b75abaa8e4122f7d86da797500cccdd771/grpcio-1.76.0-cp312-cp312-win_amd64.whl", hash = "sha256:c088e7a90b6017307f423efbb9d1ba97a22aa2170876223f9709e9d1de0b5347", size = 4704003, upload-time = "2025-10-21T16:21:46.244Z" },
    { url = "https://files.pythonhosted.org/packages/fc/ed/71467ab770effc9e8cef5f2e7388beb2be26ed642d567697bb103a790c72/grpcio-1.76.0-cp313-cp313-linux_armv7l.whl", hash = "sha256:26ef06c73eb53267c2b319f43e6634c7556ea37672029241a056629af27c10e2", size = 5807716, upload-time = "2025-10-21T16:21:48.475Z" },
    { url = "https://files.pythonhosted.org/packages/2c/85/c6ed56f9817fab03fa8a111ca91469941fb514e3e3ce6d793cb8f1e1347b/grpcio-1.76.0-cp313-cp313-macosx_11_0_universal2.whl", hash = "sha256:45e0111e73f43f735d70786557dc38141185072d7ff8dc1829d6a77ac1471468", size = 11821522, upload-time = "2025-10-21T16:21:51.142Z" },
    { url = "https://files.pythonhosted.org/packages/ac/31/2b8a235ab40c39cbc141ef647f8a6eb7b0028f023015a4842933bc0d6831/grpcio-1.76.0-cp313-cp313-manylinux2014_aarch64.manylinux_2_17_aarch64.whl", hash = "sha256:83d57312a58dcfe2a3a0f9d1389b299438909a02db60e2f2ea2ae2d8034909d3", size = 6362558, upload-time = "2025-10-21T16:21:54.213Z" },
    { url = "https://files.pythonhosted.org/packages/bd/64/9784eab483358e08847498ee56faf8ff6ea8e0a4592568d9f68edc97e9e9/grpcio-1.76.0-cp313-cp313-manylinux2014_i686.manylinux_2_17_i686.whl", hash = "sha256:3e2a27c89eb9ac3d81ec8835e12414d73536c6e620355d65102503064a4ed6eb", size = 7049990, upload-time = "2025-10-21T16:21:56.476Z" },
    { url = "https://files.pythonhosted.org/packages/2b/94/8c12319a6369434e7a184b987e8e9f3b49a114c489b8315f029e24de4837/grpcio-1.76.0-cp313-cp313-manylinux2014_x86_64.manylinux_2_17_x86_64.whl", hash = "sha256:61f69297cba3950a524f61c7c8ee12e55c486cb5f7db47ff9dcee33da6f0d3ae", size = 6575387, upload-time = "2025-10-21T16:21:59.051Z" },
    { url = "https://files.pythonhosted.org/packages/15/0f/f12c32b03f731f4a6242f771f63039df182c8b8e2cf8075b245b409259d4/grpcio-1.76.0-cp313-cp313-musllinux_1_2_aarch64.whl", hash = "sha256:6a15c17af8839b6801d554263c546c69c4d7718ad4321e3166175b37eaacca77", size = 7166668, upload-time = "2025-10-21T16:22:02.049Z" },
    { url = "https://files.pythonhosted.org/packages/ff/2d/3ec9ce0c2b1d92dd59d1c3264aaec9f0f7c817d6e8ac683b97198a36ed5a/grpcio-1.76.0-cp313-cp313-musllinux_1_2_i686.whl", hash = "sha256:25a18e9810fbc7e7f03ec2516addc116a957f8cbb8cbc95ccc80faa072743d03", size = 8124928, upload-time = "2025-10-21T16:22:04.984Z" },
    { url = "https://files.pythonhosted.org/packages/1a/74/fd3317be5672f4856bcdd1a9e7b5e17554692d3db9a3b273879dc02d657d/grpcio-1.76.0-cp313-cp313-musllinux_1_2_x86_64.whl", hash = "sha256:931091142fd8cc14edccc0845a79248bc155425eee9a98b2db2ea4f00a235a42", size = 7589983, upload-time = "2025-10-21T16:22:07.881Z" },
    { url = "https://files.pythonhosted.org/packages/45/bb/ca038cf420f405971f19821c8c15bcbc875505f6ffadafe9ffd77871dc4c/grpcio-1.76.0-cp313-cp313-win32.whl", hash = "sha256:5e8571632780e08526f118f74170ad8d50fb0a48c23a746bef2a6ebade3abd6f", size = 3984727, upload-time = "2025-10-21T16:22:10.032Z" },
    { url = "https://files.pythonhosted.org/packages/41/80/84087dc56437ced7cdd4b13d7875e7439a52a261e3ab4e06488ba6173b0a/grpcio-1.76.0-cp313-cp313-win_amd64.whl", hash = "sha256:f9f7bd5faab55f47231ad8dba7787866b69f5e93bc306e3915606779bbfb4ba8", size = 4702799, upload-time = "2025-10-21T16:22:12.709Z" },
    { url = "https://files.pythonhosted.org/packages/b4/46/39adac80de49d678e6e073b70204091e76631e03e94928b9ea4ecf0f6e0e/grpcio-1.76.0-cp314-cp314-linux_armv7l.whl", hash = "sha256:ff8a59ea85a1f2191a0ffcc61298c571bc566332f82e5f5be1b83c9d8e668a62", size = 5808417, upload-time = "2025-10-21T16:22:15.02Z" },
    { url = "https://files.pythonhosted.org/packages/9c/f5/a4531f7fb8b4e2a60b94e39d5d924469b7a6988176b3422487be61fe2998/grpcio-1.76.0-cp314-cp314-macosx_11_0_universal2.whl", hash = "sha256:06c3d6b076e7b593905d04fdba6a0525711b3466f43b3400266f04ff735de0cd", size = 11828219, upload-time = "2025-10-21T16:22:17.954Z" },
    { url = "https://files.pythonhosted.org/packages/4b/1c/de55d868ed7a8bd6acc6b1d6ddc4aa36d07a9f31d33c912c804adb1b971b/grpcio-1.76.0-cp314-cp314-manylinux2014_aarch64.manylinux_2_17_aarch64.whl", hash = "sha256:fd5ef5932f6475c436c4a55e4336ebbe47bd3272be04964a03d316bbf4afbcbc", size = 6367826, upload-time = "2025-10-21T16:22:20.721Z" },
    { url = "https://files.pythonhosted.org/packages/59/64/99e44c02b5adb0ad13ab3adc89cb33cb54bfa90c74770f2607eea629b86f/grpcio-1.76.0-cp314-cp314-manylinux2014_i686.manylinux_2_17_i686.whl", hash = "sha256:b331680e46239e090f5b3cead313cc772f6caa7d0fc8de349337563125361a4a", size = 7049550, upload-time = "2025-10-21T16:22:23.637Z" },
    { url = "https://files.pythonhosted.org/packages/43/28/40a5be3f9a86949b83e7d6a2ad6011d993cbe9b6bd27bea881f61c7788b6/grpcio-1.76.0-cp314-cp314-manylinux2014_x86_64.manylinux_2_17_x86_64.whl", hash = "sha256:2229ae655ec4e8999599469559e97630185fdd53ae1e8997d147b7c9b2b72cba", size = 6575564, upload-time = "2025-10-21T16:22:26.016Z" },
    { url = "https://files.pythonhosted.org/packages/4b/a9/1be18e6055b64467440208a8559afac243c66a8b904213af6f392dc2212f/grpcio-1.76.0-cp314-cp314-musllinux_1_2_aarch64.whl", hash = "sha256:490fa6d203992c47c7b9e4a9d39003a0c2bcc1c9aa3c058730884bbbb0ee9f09", size = 7176236, upload-time = "2025-10-21T16:22:28.362Z" },
    { url = "https://files.pythonhosted.org/packages/0f/55/dba05d3fcc151ce6e81327541d2cc8394f442f6b350fead67401661bf041/grpcio-1.76.0-cp314-cp314-musllinux_1_2_i686.whl", hash = "sha256:479496325ce554792dba6548fae3df31a72cef7bad71ca2e12b0e58f9b336bfc", size = 8125795, upload-time = "2025-10-21T16:22:31.075Z" },
    { url = "https://files.pythonhosted.org/packages/4a/45/122df922d05655f63930cf42c9e3f72ba20aadb26c100ee105cad4ce4257/grpcio-1.76.0-cp314-cp314-musllinux_1_2_x86_64.whl", hash = "sha256:1c9b93f79f48b03ada57ea24725d83a30284a012ec27eab2cf7e50a550cbbbcc", size = 7592214, upload-time = "2025-10-21T16:22:33.831Z" },
    { url = "https://files.pythonhosted.org/packages/4a/6e/0b899b7f6b66e5af39e377055fb4a6675c9ee28431df5708139df2e93233/grpcio-1.76.0-cp314-cp314-win32.whl", hash = "sha256:747fa73efa9b8b1488a95d0ba1039c8e2dca0f741612d80415b1e1c560febf4e", size = 4062961, upload-time = "2025-10-21T16:22:36.468Z" },
    { url = "https://files.pythonhosted.org/packages/19/41/0b430b01a2eb38ee887f88c1f07644a1df8e289353b78e82b37ef988fb64/grpcio-1.76.0-cp314-cp314-win_amd64.whl", hash = "sha256:922fa70ba549fce362d2e2871ab542082d66e2aaf0c19480ea453905b01f384e", size = 4834462, upload-time = "2025-10-21T16:22:39.772Z" },
]

[[package]]
name = "protobuf"
version = "6.33.6"
source = { registry = "https://pypi.org/simple" }
sdist = { url = "https://files.pythonhosted.org/packages/66/70/e908e9c5e52ef7c3a6c7902c9dfbb34c7e29c25d2f81ade3856445fd5c94/protobuf-6.33.6.tar.gz", hash = "sha256:a6768d25248312c297558af96a9f9c929e8c4cee0659cb07e780731095f38135", size = 444531, upload-time = "2026-03-18T19:05:00.988Z" }
wheels = [
    { url = "https://files.pythonhosted.org/packages/fc/9f/2f509339e89cfa6f6a4c4ff50438db9ca488dec341f7e454adad60150b00/protobuf-6.33.6-cp310-abi3-win32.whl", hash = "sha256:7d29d9b65f8afef196f8334e80d6bc1d5d4adedb449971fefd3723824e6e77d3", size = 425739, upload-time = "2026-03-18T19:04:48.373Z" },
    { url = "https://files.pythonhosted.org/packages/76/5d/683efcd4798e0030c1bab27374fd13a89f7c2515fb1f3123efdfaa5eab57/protobuf-6.33.6-cp310-abi3-win_amd64.whl", hash = "sha256:0cd27b587afca21b7cfa59a74dcbd48a50f0a6400cfb59391340ad729d91d326", size = 437089, upload-time = "2026-03-18T19:04:50.381Z" },
    { url = "https://files.pythonhosted.org/packages/5c/01/a3c3ed5cd186f39e7880f8303cc51385a198a81469d53d0fdecf1f64d929/protobuf-6.33.6-cp39-abi3-macosx_10_9_universal2.whl", hash = "sha256:9720e6961b251bde64edfdab7d500725a2af5280f3f4c87e57c0208376aa8c3a", size = 427737, upload-time = "2026-03-18T19:04:51.866Z" },
    { url = "https://files.pythonhosted.org/packages/ee/90/b3c01fdec7d2f627b3a6884243ba328c1217ed2d978def5c12dc50d328a3/protobuf-6.33.6-cp39-abi3-manylinux2014_aarch64.whl", hash = "sha256:e2afbae9b8e1825e3529f88d514754e094278bb95eadc0e199751cdd9a2e82a2", size = 324610, upload-time = "2026-03-18T19:04:53.096Z" },
    { url = "https://files.pythonhosted.org/packages/9b/ca/25afc144934014700c52e05103c2421997482d561f3101ff352e1292fb81/protobuf-6.33.6-cp39-abi3-manylinux2014_s390x.whl", hash = "sha256:c96c37eec15086b79762ed265d59ab204dabc53056e3443e702d2681f4b39ce3", size = 339381, upload-time = "2026-03-18T19:04:54.616Z" },
    { url = "https://files.pythonhosted.org/packages/16/92/d1e32e3e0d894fe00b15ce28ad4944ab692713f2e7f0a99787405e43533a/protobuf-6.33.6-cp39-abi3-manylinux2014_x86_64.whl", hash = "sha256:e9db7e292e0ab79dd108d7f1a94fe31601ce1ee3f7b79e0692043423020b0593", size = 323436, upload-time = "2026-03-18T19:04:55.768Z" },
    { url = "https://files.pythonhosted.org/packages/c4/72/02445137af02769918a93807b2b7890047c32bfb9f90371cbc12688819eb/protobuf-6.33.6-py3-none-any.whl", hash = "sha256:77179e006c476e69bf8e8ce866640091ec42e1beb80b213c3900006ecfba6901", size = 170656, upload-time = "2026-03-18T19:04:59.826Z" },
]

[[package]]
name = "pyhamcrest"
version = "2.1.0"
source = { registry = "https://pypi.org/simple" }
sdist = { url = "https://files.pythonhosted.org/packages/16/3f/f286caba4e64391a8dc9200e6de6ce0d07471e3f718248c3276843b7793b/pyhamcrest-2.1.0.tar.gz", hash = "sha256:c6acbec0923d0cb7e72c22af1926f3e7c97b8e8d69fc7498eabacaf7c975bd9c", size = 60538, upload-time = "2023-10-22T15:47:28.255Z" }
wheels = [
    { url = "https://files.pythonhosted.org/packages/0c/71/1b25d3797a24add00f6f8c1bb0ac03a38616e2ec6606f598c1d50b0b0ffb/pyhamcrest-2.1.0-py3-none-any.whl", hash = "sha256:f6913d2f392e30e0375b3ecbd7aee79e5d1faa25d345c8f4ff597665dcac2587", size = 54555, upload-time = "2023-10-22T15:47:25.08Z" },
]

[[package]]
name = "remotivelabs-broker"
version = "0.13.10"
source = { registry = "https://pypi.org/simple" }
dependencies = [
    { name = "grpc-interceptor" },
    { name = "grpcio" },
    { name = "protobuf" },
]
sdist = { url = "https://files.pythonhosted.org/packages/39/31/876560c11e1cb0161db9e2c28016880b6ddb61b23dbad76db5775c4f1dd5/remotivelabs_broker-0.13.10.tar.gz", hash = "sha256:0386a91c24cd6d5f0bcabd5d1831ab53f366a885e33c621fa71058c3f6b82aad", size = 67156, upload-time = "2026-05-22T14:10:28.777Z" }
wheels = [
    { url = "https://files.pythonhosted.org/packages/24/5f/1307d3efece42b4b9ea5c9422beab0b7f26cc0d242a39d8efc9b637fcfeb/remotivelabs_broker-0.13.10-py3-none-any.whl", hash = "sha256:c7aec4a4039aa57032cf7780aa1672eb70b2ec1589df94647a05bfbda2b61328", size = 124524, upload-time = "2026-05-22T14:10:27.197Z" },
]

[[package]]
name = "remotivelabs-topology"
version = "0.15.0"
source = { registry = "https://pypi.org/simple" }
dependencies = [
    { name = "pyhamcrest" },
    { name = "remotivelabs-broker" },
    { name = "typing-extensions" },
]
sdist = { url = "https://files.pythonhosted.org/packages/f3/81/3d1abfef9cd5ecd8da7f486614e4b6e8b6f2b53233ce2d04c97d40edda27/remotivelabs_topology-0.15.0.tar.gz", hash = "sha256:22da1907077989fce5c25586482097e6f9b9964eb02760a16bd3d9bedcab7d64", size = 44931, upload-time = "2026-04-23T12:52:29.483Z" }
wheels = [
    { url = "https://files.pythonhosted.org/packages/c8/21/a989e07d943041c06b8e9030b4c7200851808a56f4f1a4c4442af8af8077/remotivelabs_topology-0.15.0-py3-none-any.whl", hash = "sha256:d3e8b0f44205f36c4189640cf439a4257b9e2df0a617e2ab67cde6d783164730", size = 83573, upload-time = "2026-04-23T12:52:27.808Z" },
]

[[package]]
name = "structlog"
version = "25.4.0"
source = { registry = "https://pypi.org/simple" }
dependencies = [
    { name = "typing-extensions", marker = "python_full_version < '3.11'" },
]
sdist = { url = "https://files.pythonhosted.org/packages/79/b9/6e672db4fec07349e7a8a8172c1a6ae235c58679ca29c3f86a61b5e59ff3/structlog-25.4.0.tar.gz", hash = "sha256:186cd1b0a8ae762e29417095664adf1d6a31702160a46dacb7796ea82f7409e4", size = 1369138, upload-time = "2025-06-02T08:21:12.971Z" }
wheels = [
    { url = "https://files.pythonhosted.org/packages/a0/4a/97ee6973e3a73c74c8120d59829c3861ea52210667ec3e7a16045c62b64d/structlog-25.4.0-py3-none-any.whl", hash = "sha256:fe809ff5c27e557d14e613f45ca441aabda051d119ee5a0102aaba6ce40eed2c", size = 68720, upload-time = "2025-06-02T08:21:11.43Z" },
]

[[package]]
name = "typing-extensions"
version = "4.16.0"
source = { registry = "https://pypi.org/simple" }
sdist = { url = "https://files.pythonhosted.org/packages/f6/cc/6253133b5bb138fc3306cebfbda2c520f545d36b5be2c7255cc528bb45d6/typing_extensions-4.16.0.tar.gz", hash = "sha256:dc983d19a509c94dba722ee6abd33940f7c05a89e243c47e907eb4db6f1a43e5", size = 113555, upload-time = "2026-07-02T08:40:05.92Z" }
wheels = [
    { url = "https://files.pythonhosted.org/packages/49/d3/b8441a820a491ddfc024b0b0cf0393375b75ea13866d9c66727e54c2fc80/typing_extensions-4.16.0-py3-none-any.whl", hash = "sha256:481caa481374e813c1b176ada14e97f1f67a4539ce9cfeb3f350d78d6370c2e8", size = 45571, upload-time = "2026-07-02T08:40:04.659Z" },
]

[[package]]
name = "vss-hmi-vcar-bcm"
version = "1.0.0"
source = { editable = "." }
dependencies = [
    { name = "remotivelabs-topology" },
    { name = "structlog" },
]

[package.metadata]
requires-dist = [
    { name = "remotivelabs-topology", specifier = "~=0.15.0" },
    { name = "structlog", specifier = "==25.4.0" },
]
